
Microsoft Visual Studio Solution File, Format Version 12.00
# Visual Studio Version 17
VisualStudioVersion = 17.3.32825.248
MinimumVisualStudioVersion = 10.0.40219.1
Project("{FAE04EC0-301F-11D3-BF4B-00C04F79EFBC}") = "zakharchenko lab20", "zakharchenko lab20\zakharchenko lab20.csproj", "{807CE13E-C922-40E1-AC3D-C580C28F3ACE}"
EndProject
Global
	GlobalSection(SolutionConfigurationPlatforms) = preSolution
		Debug|Any CPU = Debug|Any CPU
		Release|Any CPU = Release|Any CPU
	EndGlobalSection
	GlobalSection(ProjectConfigurationPlatforms) = postSolution
		{807CE13E-C922-40E1-AC3D-C580C28F3ACE}.Debug|Any CPU.ActiveCfg = Debug|Any CPU
		{807CE13E-C922-40E1-AC3D-C580C28F3ACE}.Debug|Any CPU.Build.0 = Debug|Any CPU
		{807CE13E-C922-40E1-AC3D-C580C28F3ACE}.Release|Any CPU.ActiveCfg = Release|Any CPU
		{807CE13E-C922-40E1-AC3D-C580C28F3ACE}.Release|Any CPU.Build.0 = Release|Any CPU
	EndGlobalSection
	GlobalSection(SolutionProperties) = preSolution
		HideSolutionNode = FALSE
	EndGlobalSection
	GlobalSection(ExtensibilityGlobals) = postSolution
		SolutionGuid = {B4476D26-8CEA-4A3E-A772-22A0495D80E9}
	EndGlobalSection
EndGlobal
